
Microsoft Visual Studio Solution File, Format Version 12.00
# Visual Studio Version 16
VisualStudioVersion = 16.0.31729.503
MinimumVisualStudioVersion = 10.0.40219.1
Project("{FAE04EC0-301F-11D3-BF4B-00C04F79EFBC}") = "QLHS", "QLHS\QLHS.csproj", "{0ACC3EFB-8F7C-4F62-8580-B6A990B15BF8}"
EndProject
Global
	GlobalSection(SolutionConfigurationPlatforms) = preSolution
		Debug|Any CPU = Debug|Any CPU
		Release|Any CPU = Release|Any CPU
	EndGlobalSection
	GlobalSection(ProjectConfigurationPlatforms) = postSolution
		{0ACC3EFB-8F7C-4F62-8580-B6A990B15BF8}.Debug|Any CPU.ActiveCfg = Debug|Any CPU
		{0ACC3EFB-8F7C-4F62-8580-B6A990B15BF8}.Debug|Any CPU.Build.0 = Debug|Any CPU
		{0ACC3EFB-8F7C-4F62-8580-B6A990B15BF8}.Release|Any CPU.ActiveCfg = Release|Any CPU
		{0ACC3EFB-8F7C-4F62-8580-B6A990B15BF8}.Release|Any CPU.Build.0 = Release|Any CPU
	EndGlobalSection
	GlobalSection(SolutionProperties) = preSolution
		HideSolutionNode = FALSE
	EndGlobalSection
	GlobalSection(ExtensibilityGlobals) = postSolution
		SolutionGuid = {4F7F48CF-0F9E-4121-B6A1-AC00F2B60958}
	EndGlobalSection
EndGlobal
